
Microsoft Visual Studio Solution File, Format Version 12.00
# Visual Studio Version 16
VisualStudioVersion = 16.0.29613.14
MinimumVisualStudioVersion = 10.0.40219.1
Project("{FAE04EC0-301F-11D3-BF4B-00C04F79EFBC}") = "Toci.Lion", "Toci.Lion\Toci.Lion.csproj", "{81525487-0842-4B8C-A569-A7CD07FD7907}"
EndProject
Project("{FAE04EC0-301F-11D3-BF4B-00C04F79EFBC}") = "Toci.Lion.Test", "Toci.Lion.Test\Toci.Lion.Test.csproj", "{8B4F2C1C-F41B-485E-819C-B3CC9FD27E75}"
EndProject
Global
	GlobalSection(SolutionConfigurationPlatforms) = preSolution
		Debug|Any CPU = Debug|Any CPU
		Release|Any CPU = Release|Any CPU
	EndGlobalSection
	GlobalSection(ProjectConfigurationPlatforms) = postSolution
		{81525487-0842-4B8C-A569-A7CD07FD7907}.Debug|Any CPU.ActiveCfg = Debug|Any CPU
		{81525487-0842-4B8C-A569-A7CD07FD7907}.Debug|Any CPU.Build.0 = Debug|Any CPU
		{81525487-0842-4B8C-A569-A7CD07FD7907}.Release|Any CPU.ActiveCfg = Release|Any CPU
		{81525487-0842-4B8C-A569-A7CD07FD7907}.Release|Any CPU.Build.0 = Release|Any CPU
		{8B4F2C1C-F41B-485E-819C-B3CC9FD27E75}.Debug|Any CPU.ActiveCfg = Debug|Any CPU
		{8B4F2C1C-F41B-485E-819C-B3CC9FD27E75}.Debug|Any CPU.Build.0 = Debug|Any CPU
		{8B4F2C1C-F41B-485E-819C-B3CC9FD27E75}.Release|Any CPU.ActiveCfg = Release|Any CPU
		{8B4F2C1C-F41B-485E-819C-B3CC9FD27E75}.Release|Any CPU.Build.0 = Release|Any CPU
	EndGlobalSection
	GlobalSection(SolutionProperties) = preSolution
		HideSolutionNode = FALSE
	EndGlobalSection
	GlobalSection(ExtensibilityGlobals) = postSolution
		SolutionGuid = {DF60EC6F-7F28-4ED5-ADAB-8D657E27F5FA}
	EndGlobalSection
EndGlobal
